
Microsoft Visual Studio Solution File, Format Version 12.00
# Visual Studio Version 16
VisualStudioVersion = 16.0.33423.256
MinimumVisualStudioVersion = 10.0.40219.1
Project("{FAE04EC0-301F-11D3-BF4B-00C04F79EFBC}") = "TrabajoSemana08", "TrabajoSemana08\TrabajoSemana08.csproj", "{84CD5979-883D-48BA-BD50-E638929D0CE0}"
EndProject
Global
	GlobalSection(SolutionConfigurationPlatforms) = preSolution
		Debug|Any CPU = Debug|Any CPU
		Release|Any CPU = Release|Any CPU
	EndGlobalSection
	GlobalSection(ProjectConfigurationPlatforms) = postSolution
		{84CD5979-883D-48BA-BD50-E638929D0CE0}.Debug|Any CPU.ActiveCfg = Debug|Any CPU
		{84CD5979-883D-48BA-BD50-E638929D0CE0}.Debug|Any CPU.Build.0 = Debug|Any CPU
		{84CD5979-883D-48BA-BD50-E638929D0CE0}.Release|Any CPU.ActiveCfg = Release|Any CPU
		{84CD5979-883D-48BA-BD50-E638929D0CE0}.Release|Any CPU.Build.0 = Release|Any CPU
	EndGlobalSection
	GlobalSection(SolutionProperties) = preSolution
		HideSolutionNode = FALSE
	EndGlobalSection
	GlobalSection(ExtensibilityGlobals) = postSolution
		SolutionGuid = {4BBA32ED-262C-4B56-829A-97BEC22F851B}
	EndGlobalSection
EndGlobal
